
Microsoft Visual Studio Solution File, Format Version 12.00
# Visual Studio Version 16
VisualStudioVersion = 16.0.33328.57
MinimumVisualStudioVersion = 10.0.40219.1
Project("{FAE04EC0-301F-11D3-BF4B-00C04F79EFBC}") = "ConsoleApp", "ConsoleApp\ConsoleApp.csproj", "{8FC3E54C-CDD2-42FF-8E8B-AED28A51B3D3}"
EndProject
Project("{FAE04EC0-301F-11D3-BF4B-00C04F79EFBC}") = "Business", "Business\Business.csproj", "{3B5B2F4D-011E-4633-A8C2-F178C6C27814}"
EndProject
Project("{FAE04EC0-301F-11D3-BF4B-00C04F79EFBC}") = "Data", "Data\Data.csproj", "{763BA03C-1A15-4823-8C9F-9EF845FB29A0}"
EndProject
Project("{FAE04EC0-301F-11D3-BF4B-00C04F79EFBC}") = "WinFormApp", "WinFormApp\WinFormApp.csproj", "{7708FF61-0171-4969-9CCF-1ABD19391A93}"
EndProject
Global
	GlobalSection(SolutionConfigurationPlatforms) = preSolution
		Debug|Any CPU = Debug|Any CPU
		Release|Any CPU = Release|Any CPU
	EndGlobalSection
	GlobalSection(ProjectConfigurationPlatforms) = postSolution
		{8FC3E54C-CDD2-42FF-8E8B-AED28A51B3D3}.Debug|Any CPU.ActiveCfg = Debug|Any CPU
		{8FC3E54C-CDD2-42FF-8E8B-AED28A51B3D3}.Debug|Any CPU.Build.0 = Debug|Any CPU
		{8FC3E54C-CDD2-42FF-8E8B-AED28A51B3D3}.Release|Any CPU.ActiveCfg = Release|Any CPU
		{8FC3E54C-CDD2-42FF-8E8B-AED28A51B3D3}.Release|Any CPU.Build.0 = Release|Any CPU
		{3B5B2F4D-011E-4633-A8C2-F178C6C27814}.Debug|Any CPU.ActiveCfg = Debug|Any CPU
		{3B5B2F4D-011E-4633-A8C2-F178C6C27814}.Debug|Any CPU.Build.0 = Debug|Any CPU
		{3B5B2F4D-011E-4633-A8C2-F178C6C27814}.Release|Any CPU.ActiveCfg = Release|Any CPU
		{3B5B2F4D-011E-4633-A8C2-F178C6C27814}.Release|Any CPU.Build.0 = Release|Any CPU
		{763BA03C-1A15-4823-8C9F-9EF845FB29A0}.Debug|Any CPU.ActiveCfg = Debug|Any CPU
		{763BA03C-1A15-4823-8C9F-9EF845FB29A0}.Debug|Any CPU.Build.0 = Debug|Any CPU
		{763BA03C-1A15-4823-8C9F-9EF845FB29A0}.Release|Any CPU.ActiveCfg = Release|Any CPU
		{763BA03C-1A15-4823-8C9F-9EF845FB29A0}.Release|Any CPU.Build.0 = Release|Any CPU
		{7708FF61-0171-4969-9CCF-1ABD19391A93}.Debug|Any CPU.ActiveCfg = Debug|Any CPU
		{7708FF61-0171-4969-9CCF-1ABD19391A93}.Debug|Any CPU.Build.0 = Debug|Any CPU
		{7708FF61-0171-4969-9CCF-1ABD19391A93}.Release|Any CPU.ActiveCfg = Release|Any CPU
		{7708FF61-0171-4969-9CCF-1ABD19391A93}.Release|Any CPU.Build.0 = Release|Any CPU
	EndGlobalSection
	GlobalSection(SolutionProperties) = preSolution
		HideSolutionNode = FALSE
	EndGlobalSection
	GlobalSection(ExtensibilityGlobals) = postSolution
		SolutionGuid = {CA03AB08-3C57-4E8F-AD85-311DA71D9C85}
	EndGlobalSection
EndGlobal
